
Microsoft Visual Studio Solution File, Format Version 12.00
# Visual Studio Version 17
VisualStudioVersion = 17.6.33723.286
MinimumVisualStudioVersion = 10.0.40219.1
Project("{FAE04EC0-301F-11D3-BF4B-00C04F79EFBC}") = "Json_Xml", "Json_Xml.csproj", "{0FB02964-6610-4B1E-AAB0-E3C27B58885A}"
EndProject
Global
	GlobalSection(SolutionConfigurationPlatforms) = preSolution
		Debug|Any CPU = Debug|Any CPU
		Release|Any CPU = Release|Any CPU
	EndGlobalSection
	GlobalSection(ProjectConfigurationPlatforms) = postSolution
		{0FB02964-6610-4B1E-AAB0-E3C27B58885A}.Debug|Any CPU.ActiveCfg = Debug|Any CPU
		{0FB02964-6610-4B1E-AAB0-E3C27B58885A}.Debug|Any CPU.Build.0 = Debug|Any CPU
		{0FB02964-6610-4B1E-AAB0-E3C27B58885A}.Release|Any CPU.ActiveCfg = Release|Any CPU
		{0FB02964-6610-4B1E-AAB0-E3C27B58885A}.Release|Any CPU.Build.0 = Release|Any CPU
	EndGlobalSection
	GlobalSection(SolutionProperties) = preSolution
		HideSolutionNode = FALSE
	EndGlobalSection
	GlobalSection(ExtensibilityGlobals) = postSolution
		SolutionGuid = {DBDCF703-A162-4BFE-8E0B-8F9423B284DB}
	EndGlobalSection
EndGlobal
